#MicroXplorer Configuration settings - do not modify
PB7.PinAttribute=CortexM7
PD7.Mode=NorPsramChipSelect1_1
SH.FMC_D7_DA7.0=FMC_D7,8b-d1
PA15\ (JTDI).GPIOParameters=GPIO_Label,PinAttribute
SH.FMC_D0_DA0.ConfNb=1
SH.FMC_A0.ConfNb=1
SH.FMC_D6_DA6.ConfNb=1
PH12.Signal=S_TIM5_CH3
PH12.Locked=true
SH.FMC_A0.0=FMC_A0,A0_1
PE11.GPIOParameters=GPIO_Label,PinAttribute
SPI2.VirtualType=VM_MASTER
PH0-OSC_IN\ (PH0).PinAttribute=CortexM7
NVIC2.SysTick_IRQn=true\:0\:0\:false\:false\:true\:false\:true
TIM1.IPParameters=Channel-Output Compare2 CH2
SH.GPXTI14.0=GPIO_EXTI14
PH6.GPIO_Label=LED
RCC.PLLFRACN=0
PD3.GPIOParameters=PinAttribute
PC3_C.Mode=IN1-Single-Ended
PD8.Locked=true
PC6.GPIO_Label=CIS_VLED_R
RCC.CPU2Freq_Value=240000000
SAI1.Instance-SAI_A_MasterWithClock=SAI$Index_Block_A
RCC.RTCFreq_Value=32000
PA15\ (JTDI).Signal=GPIO_Output
RCC.CpuClockFreq_Value=480000000
PG14.GPIOParameters=PinAttribute
PC5.Mode=RMII
USART1.IPParameters=VirtualMode-Asynchronous
SH.FMC_D5_DA5.0=FMC_D5,8b-d1
TIM8.Channel-Output\ Compare3\ CH3=TIM_CHANNEL_3
PG13.Signal=ETH_TXD0
SH.FMC_NOE.ConfNb=1
PA2.GPIOParameters=PinAttribute
PG2.GPIOParameters=GPIO_Label,PinAttribute
PinOutPanel.RotationAngle=0
SH.FMC_NWE.0=FMC_NWE,Lcd1
PF6.GPIO_Label=DAC_FMT
RCC.MCO1PinFreq_Value=64000000
RCC.SYSCLKSource=RCC_SYSCLKSOURCE_PLLCLK
PB8.PinAttribute=CortexM7
RCC.AHB4Freq_Value=240000000
PB6.PinAttribute=CortexM7
SH.GPXTI13.0=GPIO_EXTI13
RCC.LPTIM1Freq_Value=120000000
NVIC1.PendSV_IRQn=true\:0\:0\:false\:false\:true\:false\:false
PA14\ (JTCK/SWCLK).Signal=DEBUG_JTCK-SWCLK
NVIC2.PendSV_IRQn=true\:0\:0\:false\:false\:true\:false\:false
PD15.GPIOParameters=PinAttribute
NVIC1.SysTick_IRQn=true\:0\:0\:false\:false\:true\:false\:true
RCC.I2C4Freq_Value=120000000
PE2.Mode=SAI_A_MasterWithClock
PD4.Signal=FMC_NOE
PB6.Signal=USART1_TX
PB6.Mode=Asynchronous
RCC.DIVQ3Freq_Value=480000000
PD0.Signal=FMC_D2_DA2
PD8.Signal=GPXTI8
PE5.Signal=SAI1_SCK_A
PE14.Locked=true
NVIC2.UsageFault_IRQn=true\:0\:0\:false\:false\:true\:false\:false
ProjectManager.ProjectBuild=false
PC8.PinAttribute=CortexM7
NVIC2.NonMaskableInt_IRQn=true\:0\:0\:false\:false\:true\:false\:false
ADC3.SamplingTime-2\#ChannelRegularConversion=ADC_SAMPLETIME_1CYCLE_5
RCC.DIVM3=5
RCC.DIVM2=6
PD1.GPIOParameters=PinAttribute
RCC.DIVM1=5
SH.GPXTI12.0=GPIO_EXTI12
PG14.Mode=RMII
ProjectManager.FirmwarePackage=STM32Cube FW_H7 V1.9.0
MxDb.Version=DB.6.0.21
PE15.Locked=true
PA1.GPIOParameters=PinAttribute
ProjectManager.BackupPrevious=false
RCC.FMCFreq_Value=240000000
NVIC1.DebugMonitor_IRQn=true\:0\:0\:false\:false\:true\:false\:false
PE9.Signal=FMC_D6_DA6
PB14.Mode=Full_Duplex_Master
PD8.PinAttribute=Free
RCC.USART16Freq_Value=120000000
VP_SYS_M4_VS_Systick.Mode=SysTick
SPI2.CalculateBaudRate=60.0 MBits/s
ADC3.IPParameters=Rank-2\#ChannelRegularConversion,Channel-2\#ChannelRegularConversion,SamplingTime-2\#ChannelRegularConversion,OffsetNumber-2\#ChannelRegularConversion,OffsetSignedSaturation-2\#ChannelRegularConversion,NbrOfConversionFlag
SH.S_TIM4_CH2.0=TIM4_CH2,Output Compare2 CH2
PE2.Signal=SAI1_MCLK_A
PA14\ (JTCK/SWCLK).Mode=Serial_Wire
CortexM7.Pins=PB8,PA15 (JTDI),PA12,PC13,PG5,PG2,PF6,PC2,PH6,PH3
SH.FMC_D1_DA1.0=FMC_D1,8b-d1
SH.GPXTI11.ConfNb=1
ADC3.Channel-2\#ChannelRegularConversion=ADC_CHANNEL_1
PD3.Mode=Full_Duplex_Master
RCC.DIVR2Freq_Value=80000000
PE10.Signal=FMC_D7_DA7
ProjectManager.HalAssertFull=false
ADC1.SamplingTime-0\#ChannelRegularConversion=ADC_SAMPLETIME_1CYCLE_5
RCC.DIVP2Freq_Value=80000000
RCC.MCO2PinFreq_Value=480000000
PC8.GPIOParameters=GPIO_Label,PinAttribute
PA7.PinAttribute=CortexM7
Mcu.Package=UFBGA176
PB9.Signal=SPI2_NSS
SPI2.Mode=SPI_MODE_MASTER
PB15.PinAttribute=CortexM7
SH.GPXTI11.0=GPIO_EXTI11
RCC.PLL3FRACN=0
PG13.GPIOParameters=PinAttribute
PG5.GPIOParameters=GPIO_Label,PinAttribute
SH.GPXTI8.0=GPIO_EXTI8
PE10.GPIOParameters=PinAttribute
PD5.GPIOParameters=PinAttribute
VP_SYS_VS_Systick.Signal=SYS_VS_Systick
SH.GPXTI8.ConfNb=1
PC3_C.GPIO_Label=CIS_ADC_3
PE12.GPIO_Label=SW_RIGHT
PH6.Locked=true
RCC.DFSDMFreq_Value=120000000
PB14.GPIOParameters=PinAttribute
VP_SAI1_VP_$IpInstance_SYNCHRO_EXTERNAL.Mode=SynchroExternal
PF0.PinAttribute=CortexM7
Mcu.Context0=CortexM7
Mcu.Context1=CortexM4
SH.GPXTI14.ConfNb=1
PD7.PinAttribute=CortexM7
TIM4.Channel-Output\ Compare2\ CH2=TIM_CHANNEL_2
RCC.TraceFreq_Value=120000000
RCC.APB4Freq_Value=120000000
RCC.CECFreq_Value=32000
RCC.SAI23Freq_Value=120000000
RCC.LPUART1Freq_Value=120000000
ADC3.OffsetNumber-2\#ChannelRegularConversion=ADC_OFFSET_NONE
PH0-OSC_IN\ (PH0).Mode=HSE-External-Oscillator
SH.FMC_D3_DA3.0=FMC_D3,8b-d1
PD15.Signal=FMC_D1_DA1
ProjectManager.CustomerFirmwarePackage=
PC4.GPIOParameters=PinAttribute
PC4.Mode=RMII
RCC.VCO3OutputFreq_Value=960000000
SH.FMC_D3_DA3.ConfNb=1
ADC3.OffsetSignedSaturation-2\#ChannelRegularConversion=DISABLE
SH.S_TIM8_CH3.0=TIM8_CH3,Output Compare3 CH3
VP_SAI1_VP_$IpInstance_SYNCHRO_EXTERNAL.Signal=SAI1_VP_$IpInstance_SYNCHRO_EXTERNAL
PH12.GPIOParameters=GPIO_Label,PinAttribute
PD6.GPIOParameters=PinAttribute
ProjectManager.ProjectFileName=SSS_CIS.ioc
RCC.DIVQ2=10
PC2.ContextOwner=CortexM7
RCC.DIVQ1=8
ADC1.Rank-0\#ChannelRegularConversion=1
TIM5.IPParameters=Channel-Output Compare3 CH3
PA0_C.Locked=true
Mcu.PinsNb=64
PA1.PinAttribute=CortexM7
VP_SAI1_VP_$IpInstance_SAIA_SAI_BASIC.Mode=SAI_A_BASIC
ADC1.IPParameters=Rank-0\#ChannelRegularConversion,master,Channel-0\#ChannelRegularConversion,SamplingTime-0\#ChannelRegularConversion,OffsetNumber-0\#ChannelRegularConversion,OffsetSignedSaturation-0\#ChannelRegularConversion,NbrOfConversionFlag
PC13.Locked=true
PG5.Locked=true
SAI1.MClockEnable-SAI_A_MasterWithClock=SAI_MASTERCLOCK_ENABLE
PG5.Signal=GPIO_Output
ADC1.OffsetNumber-0\#ChannelRegularConversion=ADC_OFFSET_NONE
PA1_C.GPIO_Label=CIS_ADC_2
PA9.GPIO_Label=CIS_CP
PC13.Signal=GPIO_Output
RCC.SWPMI1Freq_Value=120000000
PD3.Signal=SPI2_SCK
PC2.Signal=GPIO_Output
PC6.Signal=S_TIM3_CH1
PD7.Signal=FMC_NE1
PD13.GPIOParameters=GPIO_Label,PinAttribute
PD1.Signal=FMC_D3_DA3
VP_SAI1_VP_$IpInstance_SAIA_SAI_BASIC.Signal=SAI1_VP_$IpInstance_SAIA_SAI_BASIC
RCC.DIVP2=10
SAI1.ErrorAudioFreq-SAI_A_MasterWithClock=22.07 %
PE8.PinAttribute=CortexM7
SH.FMC_NOE.0=FMC_NOE,Lcd1
RCC.QSPIFreq_Value=240000000
PD6.Mode=SAI_A_MasterWithClock
Mcu.Pin62=VP_SYS_VS_Systick
Mcu.Pin63=VP_SYS_M4_VS_Systick
Mcu.Pin60=VP_SAI1_VP_$IpInstance_SYNCHRO_EXTERNAL
Mcu.Pin61=VP_SAI1_VP_$IpInstance_SAIA_SAI_BASIC
PA9.PinAttribute=CortexM7
PG13.PinAttribute=CortexM7
ETH.IPParameters=MediaInterface
RCC.D1CPREFreq_Value=480000000
PB8.GPIO_Label=OLED_RESET
RCC.USART234578Freq_Value=120000000
PH12.PinAttribute=CortexM7
RCC.Tim1OutputFreq_Value=240000000
PA12.PinAttribute=CortexM7
Mcu.Pin59=VP_RNG_VS_RNG
Mcu.Pin57=PE9
RCC.SPI123Freq_Value=120000000
Mcu.Pin58=PE11
PA2.PinAttribute=CortexM7
TIM4.IPParameters=Channel-Output Compare2 CH2
Mcu.Pin51=PH6
Mcu.Pin52=PA2
PC3_C.GPIOParameters=GPIO_Label,PinAttribute
Mcu.Pin50=PE15
PA0_C.GPIO_Label=CIS_ADC_1
Mcu.Pin55=PC4
Mcu.Pin56=PE10
Mcu.Pin53=PA0_C
ADC2.IPParameters=Rank-0\#ChannelRegularConversion,Channel-0\#ChannelRegularConversion,SamplingTime-0\#ChannelRegularConversion,OffsetNumber-0\#ChannelRegularConversion,OffsetSignedSaturation-0\#ChannelRegularConversion,NbrOfConversionFlag
NVIC2.ForceEnableDMAVector=true
Mcu.Pin54=PH3
PC6.Locked=true
PA9.Signal=S_TIM1_CH2
RCC.DIVN3=192
RCC.DIVN2=192
RCC.DIVN1=192
SH.S_TIM5_CH3.ConfNb=1
SH.ADCx_INP1.ConfNb=1
PH3.PinAttribute=CortexM7
Mcu.Pin48=PE12
Mcu.Pin49=PE13
Mcu.Pin46=PA1_C
ADC1.OffsetSignedSaturation-0\#ChannelRegularConversion=DISABLE
Mcu.Pin47=PE7
SAI1.VirtualMode-SAI_A_MasterWithClock=VM_MASTER
PB14.Signal=SPI2_MISO
PB8.ContextOwner=CortexM7
PA12.ContextOwner=CortexM7
Mcu.Pin40=PE14
Mcu.Pin41=PC3_C
PE13.GPIOParameters=GPIO_Label,PinAttribute
ADC2.OffsetNumber-0\#ChannelRegularConversion=ADC_OFFSET_NONE
Mcu.Pin44=PH12
Mcu.Pin45=PA1
Mcu.Pin42=PA7
PG11.PinAttribute=CortexM7
Mcu.Pin43=PE8
ProjectManager.LastFirmware=true
PB9.PinAttribute=CortexM7
TIM5.Channel-Output\ Compare3\ CH3=TIM_CHANNEL_3
NVIC2.BusFault_IRQn=true\:0\:0\:false\:false\:true\:false\:false
RCC.AHB12Freq_Value=240000000
PE14.Signal=GPXTI14
PA1.Mode=RMII
PE15.Signal=GPXTI15
Mcu.Pin37=PD8
Mcu.Pin38=PC2
Mcu.Pin35=PB14
Mcu.Pin36=PC1
PE8.Signal=FMC_D5_DA5
Mcu.Pin39=PC5
RCC.RNGFreq_Value=48000000
PC2.GPIOParameters=GPIO_Label,PinAttribute
Mcu.Pin30=PD13
Mcu.Pin33=PH1-OSC_OUT (PH1)
TIM3.IPParameters=Channel-Output Compare1 CH1
PG2.ContextOwner=CortexM7
Mcu.Pin34=PB15
Mcu.Pin31=PH0-OSC_IN (PH0)
Mcu.Pin32=PD15
PA9.Locked=true
SH.ADCx_INP0.ConfNb=1
ProjectManager.FreePins=false
RCC.LPTIM2Freq_Value=120000000
Mcu.Pin26=PG5
Mcu.Pin27=PG2
Mcu.Pin24=PC6
ProjectManager.UnderRoot=true
Mcu.Pin25=PF0
PE13.Locked=true
CORTEX_M7.IPParameters=CPU_ICache,CPU_DCache
PH3.ContextOwner=CortexM7
Mcu.Pin28=PF6
PE2.PinAttribute=CortexM7
Mcu.Pin29=PD14
SH.FMC_D7_DA7.ConfNb=1
PD14.GPIOParameters=PinAttribute
VP_SYS_M4_VS_Systick.Signal=SYS_M4_VS_Systick
Mcu.Pin22=PA9
ETH.MediaInterface=HAL_ETH_RMII_MODE
Mcu.Pin23=PC8
Mcu.Pin20=PE5
ADC1.master=1
Mcu.Pin21=PD6
PE13.GPIO_Label=SW_DOWN
ADC2.NbrOfConversionFlag=1
PC3_C.PinAttribute=CortexM7
ProjectManager.CompilerOptimize=6
PG11.Mode=RMII
PD1.PinAttribute=CortexM7
PE9.PinAttribute=CortexM7
ProjectManager.HeapSize=0x200
Mcu.Pin15=PC13
Mcu.Pin16=PE2
Mcu.Pin13=PA13 (JTMS/SWDIO)
Mcu.Pin14=PA12
PH6.Signal=GPIO_Output
Mcu.Pin19=PD0
SH.S_TIM3_CH1.ConfNb=1
SH.GPXTI15.ConfNb=1
RCC.LPTIM345Freq_Value=120000000
ProjectManager.ComputerToolchain=false
Mcu.Pin17=PG14
Mcu.Pin18=PD4
RCC.LTDCFreq_Value=480000000
Mcu.Pin11=PD7
PA14\ (JTCK/SWCLK).PinAttribute=CortexM7
Mcu.Pin12=PD5
PD0.GPIOParameters=PinAttribute
Mcu.Pin10=PG13
PD15.PinAttribute=CortexM7
PE12.GPIOParameters=GPIO_Label,PinAttribute
PE14.PinAttribute=Free
RCC.HCLK3ClockFreq_Value=240000000
PC1.PinAttribute=CortexM7
RCC.DIVR2=10
RCC.DIVR1=8
NVIC1.BusFault_IRQn=true\:0\:0\:false\:false\:true\:false\:false
PA1_C.PinAttribute=CortexM7
Mcu.ContextNb=2
PA7.GPIOParameters=PinAttribute
RCC.CPU2SystikFreq_Value=240000000
PC1.Signal=ETH_MDC
PD7.GPIOParameters=PinAttribute
PA13\ (JTMS/SWDIO).Signal=DEBUG_JTMS-SWDIO
PC1.Mode=RMII
PG2.PinAttribute=CortexM7
Mcu.Family=STM32H7
RCC.DIVQ2Freq_Value=80000000
ProjectManager.MainLocation=Core/Src
SH.S_TIM4_CH2.ConfNb=1
PH6.ContextOwner=CortexM7
PA14\ (JTCK/SWCLK).GPIOParameters=PinAttribute
SPI2.VirtualNSS=VM_NSSHARD
RCC.SAI1Freq_Value=120000000
RCC.CortexFreq_Value=480000000
ProjectManager.KeepUserCode=true
Mcu.UserName=STM32H745IIKx
RCC.HPRE=RCC_HCLK_DIV2
ADC2.Channel-0\#ChannelRegularConversion=ADC_CHANNEL_1
PG2.Signal=GPIO_Output
PH0-OSC_IN\ (PH0).Signal=RCC_OSC_IN
PA1_C.GPIOParameters=GPIO_Label,PinAttribute
PE11.GPIO_Label=SW_UP
PG2.Locked=true
PA1_C.Signal=ADCx_INP1
PF0.GPIOParameters=PinAttribute
PA12.GPIOParameters=GPIO_Label,PinAttribute
ProjectManager.functionlistsort=1-MX_GPIO_Init-GPIO-false-HAL-true-CortexM7,2-SystemClock_Config-RCC-false-HAL-false-CortexM7,3-MX_ADC1_Init-ADC1-false-HAL-true-CortexM7,4-MX_ADC2_Init-ADC2-false-HAL-true-CortexM7,5-MX_ADC3_Init-ADC3-false-HAL-true-CortexM7,6-MX_FMC_Init-FMC-false-HAL-true-CortexM7,7-MX_SAI1_Init-SAI1-false-HAL-true-CortexM7,8-MX_ETH_Init-ETH-false-HAL-true-CortexM7,9-MX_SPI2_Init-SPI2-false-HAL-true-CortexM7,10-MX_USART1_UART_Init-USART1-false-HAL-true-CortexM7,11-MX_TIM1_Init-TIM1-false-HAL-true-CortexM7,12-MX_TIM3_Init-TIM3-false-HAL-true-CortexM7,13-MX_TIM4_Init-TIM4-false-HAL-true-CortexM7,14-MX_TIM5_Init-TIM5-false-HAL-true-CortexM7,15-MX_TIM8_Init-TIM8-false-HAL-true-CortexM7,0-MX_CORTEX_M7_Init-CORTEX_M7-false-HAL-true-CortexM7,0-MX_CORTEX_M4_Init-CORTEX_M4-false-HAL-true-CortexM4
PA9.GPIOParameters=GPIO_Label,PinAttribute
SAI1.VirtualProtocol-SAI_A_BASIC=VM_BASIC_PROTOCOL
SH.FMC_D6_DA6.0=FMC_D6,8b-d1
PA15\ (JTDI).PinAttribute=CortexM7
RCC.PLL2FRACN=0
RCC.VCO2OutputFreq_Value=800000000
PC13.GPIO_Label=DAC_FLT
PG5.GPIO_Label=EN_12V
PB15.Signal=SPI2_MOSI
PE4.PinAttribute=CortexM7
PG11.Signal=ETH_TX_EN
PE5.GPIOParameters=PinAttribute
ADC3.Rank-2\#ChannelRegularConversion=1
ProjectManager.StackSize=0x400
RCC.VCOInput3Freq_Value=5000000
PD13.Signal=S_TIM4_CH2
Mcu.IP4=CORTEX_M7
Mcu.IP5=DEBUG
PD13.Locked=true
Mcu.IP2=ADC3
Mcu.IP3=CORTEX_M4
Mcu.IP0=ADC1
PA12.Locked=true
Mcu.IP1=ADC2
TIM1.Channel-Output\ Compare2\ CH2=TIM_CHANNEL_2
PA12.Signal=GPIO_Output
PE4.GPIOParameters=PinAttribute
PG5.ContextOwner=CortexM7
Mcu.UserConstants=
PH3.Locked=true
PC1.GPIOParameters=PinAttribute
RCC.DIVP3Freq_Value=480000000
RCC.SDMMCFreq_Value=120000000
SH.GPXTI13.ConfNb=1
Mcu.ThirdPartyNb=0
RCC.HCLKFreq_Value=240000000
Mcu.IPNb=22
ProjectManager.PreviousToolchain=STM32CubeIDE
SH.FMC_NWE.ConfNb=1
RCC.SPDIFRXFreq_Value=120000000
PA1_C.Locked=true
PD8.GPIOParameters=GPIO_Label,PinAttribute
SH.S_TIM5_CH3.0=TIM5_CH3,Output Compare3 CH3
PE13.PinAttribute=Free
Mcu.Pin6=PA14 (JTCK/SWCLK)
PE15.PinAttribute=Free
Mcu.Pin7=PE4
Mcu.Pin8=PB9
Mcu.Pin9=PB7
PC2.PinAttribute=CortexM7
SPI2.BaudRatePrescaler=SPI_BAUDRATEPRESCALER_2
Mcu.Pin0=PB8
Mcu.Pin1=PB6
TIM8.IPParameters=Channel-Output Compare3 CH3
GPIO.groupedBy=Show All
Mcu.Pin2=PG11
RCC.HRTIMFreq_Value=240000000
Mcu.Pin3=PD3
Mcu.Pin4=PD1
Mcu.Pin5=PA15 (JTDI)
ADC1.Channel-0\#ChannelRegularConversion=ADC_CHANNEL_0
PH1-OSC_OUT\ (PH1).Mode=HSE-External-Oscillator
RCC.DIVR3Freq_Value=480000000
PA0_C.PinAttribute=CortexM7
Mcu.IP10=RCC
PG14.PinAttribute=CortexM7
Mcu.IP12=SAI1
Mcu.IP11=RNG
SH.FMC_D2_DA2.0=FMC_D2,8b-d1
PA13\ (JTMS/SWDIO).PinAttribute=CortexM7
Mcu.IP18=TIM4
Mcu.IP17=TIM3
Mcu.IP19=TIM5
PA15\ (JTDI).ContextOwner=CortexM7
NVIC2.PriorityGroup=NVIC_PRIORITYGROUP_4
RCC.DIVP1Freq_Value=480000000
Mcu.IP14=SYS
Mcu.IP13=SPI2
PD0.PinAttribute=CortexM7
PE13.Signal=GPXTI13
Mcu.IP16=TIM1
Mcu.IP15=SYS_M4
File.Version=6
PD4.PinAttribute=CortexM7
PD14.PinAttribute=CortexM7
SAI1.InitProtocol-SAI_A_MasterWithClock=Enable
SH.FMC_D5_DA5.ConfNb=1
PH3.GPIOParameters=GPIO_Label,PinAttribute
SH.FMC_D2_DA2.ConfNb=1
PB7.Signal=USART1_RX
Mcu.IP21=USART1
PB8.Locked=true
PH6.GPIOParameters=GPIO_Label,PinAttribute
Mcu.IP20=TIM8
PG13.Mode=RMII
NVIC1.MemoryManagement_IRQn=true\:0\:0\:false\:false\:true\:false\:false
PE4.Mode=SAI_A_MasterWithClock
SH.S_TIM3_CH1.0=TIM3_CH1,Output Compare1 CH1
CortexM7.IPs=CORTEX_M7\:I,DEBUG\:I,FATFS_M7\:I,FREERTOS_M7\:I,IWDG1\:I,OPENAMP_M7\:I,PDM2PCM_M7\:I,PWR\:I,RCC\:I,RESMGR_UTILITY\:I,SYS\:I,USB_DEVICE_M7\:I,USB_HOST_M7\:I,VREFBUF\:I,WWDG1\:I,DMA\:I,BDMA\:I,MDMA\:I,NVIC1\:I,ADC1\:I,ADC2\:I,ADC3\:I,FMC\:I,SAI1\:I,ETH\:I,SPI2\:I,USART1\:I,HRTIM\:I,TIM1\:I,TIM8\:I,TIM3\:I,TIM4\:I,TIM5\:I,TIM12\:I,RNG\:I
PE4.Signal=SAI1_FS_A
PB6.GPIOParameters=PinAttribute
ProjectManager.ProjectName=SSS_CIS
SH.S_TIM8_CH3.ConfNb=1
RCC.APB3Freq_Value=120000000
PD13.GPIO_Label=CIS_VLED_G
SH.FMC_D0_DA0.0=FMC_D0,8b-d1
RCC.D1PPRE=RCC_APB3_DIV2
PD3.PinAttribute=CortexM7
SH.FMC_D4_DA4.ConfNb=1
ProjectManager.ToolChainLocation=
SH.FMC_D4_DA4.0=FMC_D4,8b-d1
ADC2.SamplingTime-0\#ChannelRegularConversion=ADC_SAMPLETIME_1CYCLE_5
RCC.DIVR1Freq_Value=120000000
PH3.GPIO_Label=DAC_DEMP
PD13.PinAttribute=CortexM7
PE12.PinAttribute=Free
SPI2.Direction=SPI_DIRECTION_2LINES
PF0.Signal=FMC_A0
PC5.Signal=ETH_RXD1
PE7.Signal=FMC_D4_DA4
ADC2.Rank-0\#ChannelRegularConversion=1
PD6.Signal=SAI1_SD_A
PC2.GPIO_Label=DAC_XSMT
PE12.Locked=true
RCC.Tim2OutputFreq_Value=240000000
RCC.DFSDMACLkFreq_Value=120000000
PG2.GPIO_Label=EN_5V
PH1-OSC_OUT\ (PH1).PinAttribute=CortexM7
PB14.PinAttribute=CortexM7
RCC.PLLSourceVirtual=RCC_PLLSOURCE_HSE
NVIC1.HardFault_IRQn=true\:0\:0\:false\:false\:true\:false\:false
PE8.GPIOParameters=PinAttribute
CORTEX_M7.CPU_ICache=Enabled
PB8.GPIOParameters=GPIO_Label,PinAttribute
PA7.Mode=RMII
PA13\ (JTMS/SWDIO).Mode=Serial_Wire
PE14.GPIOParameters=GPIO_Label,PinAttribute
PA0_C.Signal=ADCx_INP0
PH12.GPIO_Label=CIS_VLED_B
ProjectManager.NoMain=false
PD6.PinAttribute=CortexM7
PE10.PinAttribute=CortexM7
RCC.SAI4BFreq_Value=120000000
PC8.Signal=S_TIM8_CH3
PC13.ContextOwner=CortexM7
PC4.Signal=ETH_RXD0
NVIC1.PriorityGroup=NVIC_PRIORITYGROUP_4
RCC.D2PPRE2=RCC_APB2_DIV2
RCC.D2PPRE1=RCC_APB1_DIV2
ProjectManager.DefaultFWLocation=true
PE14.GPIO_Label=SW_LEFT
PD5.Signal=FMC_NWE
PE7.PinAttribute=CortexM7
ProjectManager.DeletePrevious=true
VP_RNG_VS_RNG.Mode=RNG_Activate
PA13\ (JTMS/SWDIO).GPIOParameters=PinAttribute
PA12.GPIO_Label=CIS_RS
ADC2.OffsetSignedSaturation-0\#ChannelRegularConversion=DISABLE
PinOutPanel.CurrentBGAView=Top
RCC.FamilyName=M
PH1-OSC_OUT\ (PH1).Signal=RCC_OSC_OUT
SH.ADCx_INP1.0=ADC2_INP1,IN1-Single-Ended
PB9.GPIOParameters=PinAttribute
PD8.GPIO_Label=MEMS_INT
PE15.GPIOParameters=GPIO_Label,PinAttribute
PE9.GPIOParameters=PinAttribute
RCC.SPI6Freq_Value=120000000
PC8.GPIO_Label=CIS_SP
USART1.VirtualMode-Asynchronous=VM_ASYNC
SAI1.RealAudioFreq-SAI_A_MasterWithClock=234.375 KHz
RCC.SPI45Freq_Value=120000000
NVIC1.SVCall_IRQn=true\:0\:0\:false\:false\:true\:false\:false
PH1-OSC_OUT\ (PH1).GPIOParameters=PinAttribute
PE15.GPIO_Label=SW_OK
NVIC1.NonMaskableInt_IRQn=true\:0\:0\:false\:false\:true\:false\:false
PF6.Signal=GPIO_Output
ProjectManager.TargetToolchain=STM32CubeIDE
PE7.GPIOParameters=PinAttribute
RCC.VCO1OutputFreq_Value=960000000
PC3_C.Locked=true
PF6.Locked=true
SH.FMC_D1_DA1.ConfNb=1
PB7.GPIOParameters=PinAttribute
PE11.PinAttribute=Free
VP_RNG_VS_RNG.Signal=RNG_VS_RNG
NVIC2.SVCall_IRQn=true\:0\:0\:false\:false\:true\:false\:false
PB9.Mode=NSS_Signal_Hard_Output
PC5.GPIOParameters=PinAttribute
RCC.AXIClockFreq_Value=240000000
NVIC1.ForceEnableDMAVector=true
SH.GPXTI12.ConfNb=1
SPI2.IPParameters=VirtualType,Mode,Direction,BaudRatePrescaler,CalculateBaudRate,VirtualNSS
PC4.PinAttribute=CortexM7
PE2.GPIOParameters=PinAttribute
PC2.Locked=true
ProjectManager.RegisterCallBack=
RCC.USBFreq_Value=120000000
PE11.Signal=GPXTI11
PA1.Signal=ETH_REF_CLK
RCC.CKPERFreq_Value=64000000
SH.S_TIM1_CH2.ConfNb=1
TIM3.Channel-Output\ Compare1\ CH1=TIM_CHANNEL_1
ProjectManager.BootMode=boot0
PG14.Signal=ETH_TXD1
SH.ADCx_INP0.0=ADC1_INP0,IN0-Single-Ended
PC6.PinAttribute=CortexM7
board=custom
SAI1.IPParameters=VirtualProtocol-SAI_A_BASIC,Instance-SAI_A_MasterWithClock,VirtualMode-SAI_A_MasterWithClock,MClockEnable-SAI_A_MasterWithClock,InitProtocol-SAI_A_MasterWithClock,RealAudioFreq-SAI_A_MasterWithClock,ErrorAudioFreq-SAI_A_MasterWithClock
PB15.Mode=Full_Duplex_Master
RCC.VCOInput1Freq_Value=5000000
PG5.PinAttribute=CortexM7
RCC.APB2Freq_Value=120000000
NVIC1.UsageFault_IRQn=true\:0\:0\:false\:false\:true\:false\:false
MxCube.Version=6.2.1
SH.S_TIM1_CH2.0=TIM1_CH2,Output Compare2 CH2
PC13.GPIOParameters=GPIO_Label,PinAttribute
RCC.FDCANFreq_Value=120000000
PE5.Mode=SAI_A_MasterWithClock
RCC.ADCFreq_Value=80000000
PD4.GPIOParameters=PinAttribute
VP_SYS_VS_Systick.Mode=SysTick
PB15.GPIOParameters=PinAttribute
PA0_C.GPIOParameters=GPIO_Label,PinAttribute
PA15\ (JTDI).GPIO_Label=MEMS
RCC.IPParameters=ADCFreq_Value,AHB12Freq_Value,AHB4Freq_Value,APB1Freq_Value,APB2Freq_Value,APB3Freq_Value,APB4Freq_Value,AXIClockFreq_Value,CECFreq_Value,CKPERFreq_Value,CPU2Freq_Value,CPU2SystikFreq_Value,CortexFreq_Value,CpuClockFreq_Value,D1CPREFreq_Value,D1PPRE,D2PPRE1,D2PPRE2,D3PPRE,DFSDMACLkFreq_Value,DFSDMFreq_Value,DIVM1,DIVM2,DIVM3,DIVN1,DIVN2,DIVN3,DIVP1Freq_Value,DIVP2,DIVP2Freq_Value,DIVP3Freq_Value,DIVQ1,DIVQ1Freq_Value,DIVQ2,DIVQ2Freq_Value,DIVQ3Freq_Value,DIVR1,DIVR1Freq_Value,DIVR2,DIVR2Freq_Value,DIVR3Freq_Value,FDCANFreq_Value,FMCFreq_Value,FamilyName,HCLK3ClockFreq_Value,HCLKFreq_Value,HPRE,HRTIMFreq_Value,I2C123Freq_Value,I2C4Freq_Value,LPTIM1Freq_Value,LPTIM2Freq_Value,LPTIM345Freq_Value,LPUART1Freq_Value,LTDCFreq_Value,MCO1PinFreq_Value,MCO2PinFreq_Value,PLL2FRACN,PLL3FRACN,PLLFRACN,PLLSourceVirtual,QSPIFreq_Value,RNGFreq_Value,RTCFreq_Value,SAI1Freq_Value,SAI23Freq_Value,SAI4AFreq_Value,SAI4BFreq_Value,SDMMCFreq_Value,SPDIFRXFreq_Value,SPI123Freq_Value,SPI45Freq_Value,SPI6Freq_Value,SWPMI1Freq_Value,SYSCLKFreq_VALUE,SYSCLKSource,Tim1OutputFreq_Value,Tim2OutputFreq_Value,TraceFreq_Value,USART16Freq_Value,USART234578Freq_Value,USBFreq_Value,VCO1OutputFreq_Value,VCO2OutputFreq_Value,VCO3OutputFreq_Value,VCOInput1Freq_Value,VCOInput2Freq_Value,VCOInput3Freq_Value
PE11.Locked=true
ProjectManager.AskForMigrate=true
Mcu.Name=STM32H745IIKx
PE12.Signal=GPXTI12
PA2.Signal=ETH_MDIO
Mcu.IP8=NVIC1
PC13.PinAttribute=CortexM7
Mcu.IP9=NVIC2
PD14.Signal=FMC_D0_DA0
Mcu.IP6=ETH
Mcu.IP7=FMC
ProjectManager.CoupleFile=true
RCC.SYSCLKFreq_VALUE=480000000
RCC.I2C123Freq_Value=120000000
PE5.PinAttribute=CortexM7
KeepUserPlacement=true
PB7.Mode=Asynchronous
NVIC2.MemoryManagement_IRQn=true\:0\:0\:false\:false\:true\:false\:false
PF6.GPIOParameters=GPIO_Label,PinAttribute
PC6.GPIOParameters=GPIO_Label,PinAttribute
PF6.PinAttribute=CortexM7
PD5.PinAttribute=CortexM7
NVIC2.DebugMonitor_IRQn=true\:0\:0\:false\:false\:true\:false\:false
RCC.SAI4AFreq_Value=120000000
ADC1.NbrOfConversionFlag=1
SH.GPXTI15.0=GPIO_EXTI15
PH3.Signal=GPIO_Output
PC3_C.Signal=ADC3_INP1
RCC.DIVQ1Freq_Value=120000000
PB8.Signal=GPIO_Output
PC5.PinAttribute=CortexM7
PA2.Mode=RMII
PC8.Locked=true
RCC.D3PPRE=RCC_APB4_DIV2
CORTEX_M7.CPU_DCache=Enabled
PA15\ (JTDI).Locked=true
RCC.VCOInput2Freq_Value=4166666.6666666665
RCC.APB1Freq_Value=120000000
PH6.PinAttribute=CortexM7
ADC3.NbrOfConversionFlag=1
PF6.ContextOwner=CortexM7
NVIC2.HardFault_IRQn=true\:0\:0\:false\:false\:true\:false\:false
ProjectManager.DeviceId=STM32H745IIKx
ProjectManager.LibraryCopy=1
PG11.GPIOParameters=PinAttribute
PH0-OSC_IN\ (PH0).GPIOParameters=PinAttribute
PA7.Signal=ETH_CRS_DV
CortexM4.IPs=CORTEX_M4\:I,DEBUG,FATFS_M4\:I,FREERTOS_M4\:I,IWDG2\:I,OPENAMP_M4\:I,PDM2PCM_M4\:I,PWR,RCC,RESMGR_UTILITY,SYS_M4\:I,USB_DEVICE_M4\:I,USB_HOST_M4\:I,VREFBUF,WWDG2\:I,DMA,BDMA,MDMA,NVIC2\:I
isbadioc=false
